{
	"name": "node",
	"lockfileVersion": 2,
	"requires": true,
	"packages": {
		"": {
			"workspaces": [
				"examples/advanced",
				"examples/basic",
				"examples/typescript",
				"packages/tangram-node"
			]
		},
		"examples/advanced": {
			"name": "@tangramhq/tangram-node-example-advanced",
			"version": "0.0.0",
			"license": "MIT"
		},
		"examples/basic": {
			"name": "@tangramhq/tangram-node-example-basic",
			"version": "0.0.0",
			"license": "MIT"
		},
		"examples/typescript": {
			"name": "@tangramhq/tangram-node-example-typescript",
			"version": "0.0.0",
			"license": "MIT",
			"dependencies": {
				"@types/node": "^14.11.8",
				"typescript": "4.0.3"
			}
		},
		"examples/typescript/node_modules/@types/node": {
			"version": "14.11.8",
			"license": "MIT"
		},
		"node_modules/@tangramhq/tangram-node": {
			"resolved": "packages/tangram-node",
			"link": true
		},
		"node_modules/@tangramhq/tangram-node-example-advanced": {
			"resolved": "examples/advanced",
			"link": true
		},
		"node_modules/@tangramhq/tangram-node-example-basic": {
			"resolved": "examples/basic",
			"link": true
		},
		"node_modules/@tangramhq/tangram-node-example-typescript": {
			"resolved": "examples/typescript",
			"link": true
		},
		"node_modules/@types/node": {
			"version": "14.11.1",
			"dev": true,
			"license": "MIT"
		},
		"node_modules/node-fetch": {
			"version": "2.6.1",
			"license": "MIT",
			"engines": {
				"node": "4.x || >=6.0.0"
			}
		},
		"node_modules/typescript": {
			"version": "4.0.3",
			"license": "Apache-2.0",
			"bin": {
				"tsc": "bin/tsc",
				"tsserver": "bin/tsserver"
			},
			"engines": {
				"node": ">=4.2.0"
			}
		},
		"packages/tangram-node": {
			"name": "@tangramhq/tangram-node",
			"version": "0.2.0",
			"license": "MIT",
			"dependencies": {
				"node-fetch": "^2.6.0"
			},
			"devDependencies": {
				"@types/node": "14.11.1",
				"typescript": "4.0.3"
			}
		}
	},
	"dependencies": {
		"@tangramhq/tangram-node": {
			"version": "file:packages/tangram-node",
			"requires": {
				"@types/node": "14.11.1",
				"node-fetch": "^2.6.0",
				"typescript": "4.0.3"
			}
		},
		"@tangramhq/tangram-node-example-advanced": {
			"version": "file:examples/advanced"
		},
		"@tangramhq/tangram-node-example-basic": {
			"version": "file:examples/basic"
		},
		"@tangramhq/tangram-node-example-typescript": {
			"version": "file:examples/typescript",
			"requires": {
				"@types/node": "^14.11.8",
				"typescript": "4.0.3"
			},
			"dependencies": {
				"@types/node": {
					"version": "14.11.8"
				}
			}
		},
		"@types/node": {
			"version": "14.11.1",
			"dev": true
		},
		"node-fetch": {
			"version": "2.6.1"
		},
		"typescript": {
			"version": "4.0.3"
		}
	}
}
