{
	"name": "node",
	"lockfileVersion": 2,
	"requires": true,
	"packages": {
		"": {
			"workspaces": [
				"examples/advanced",
				"examples/basic",
				"examples/typescript",
				"packages/tangram-node"
			]
		},
		"examples/advanced": {
			"version": "0.0.0",
			"license": "MIT"
		},
		"examples/basic": {
			"version": "0.0.0",
			"license": "MIT"
		},
		"examples/typescript": {
			"version": "0.0.0",
			"license": "MIT",
			"dependencies": {
				"@types/node": "14.14.6",
				"typescript": "4.0.5"
			}
		},
		"node_modules/@tangramhq/tangram-node": {
			"resolved": "packages/tangram-node",
			"link": true
		},
		"node_modules/@tangramhq/tangram-node-example-advanced": {
			"resolved": "examples/advanced",
			"link": true
		},
		"node_modules/@tangramhq/tangram-node-example-basic": {
			"resolved": "examples/basic",
			"link": true
		},
		"node_modules/@tangramhq/tangram-node-example-typescript": {
			"resolved": "examples/typescript",
			"link": true
		},
		"node_modules/@types/node": {
			"version": "14.14.6",
			"resolved": "https://registry.npmjs.org/@types/node/-/node-14.14.6.tgz",
			"integrity": "sha512-6QlRuqsQ/Ox/aJEQWBEJG7A9+u7oSYl3mem/K8IzxXG/kAGbV1YPD9Bg9Zw3vyxC/YP+zONKwy8hGkSt1jxFMw=="
		},
		"node_modules/node-fetch": {
			"version": "2.6.1",
			"resolved": "https://registry.npmjs.org/node-fetch/-/node-fetch-2.6.1.tgz",
			"integrity": "sha512-V4aYg89jEoVRxRb2fJdAg8FHvI7cEyYdVAh94HH0UIK8oJxUfkjlDQN9RbMx+bEjP7+ggMiFRprSti032Oipxw==",
			"engines": {
				"node": "4.x || >=6.0.0"
			}
		},
		"node_modules/typescript": {
			"version": "4.0.5",
			"resolved": "https://registry.npmjs.org/typescript/-/typescript-4.0.5.tgz",
			"integrity": "sha512-ywmr/VrTVCmNTJ6iV2LwIrfG1P+lv6luD8sUJs+2eI9NLGigaN+nUQc13iHqisq7bra9lnmUSYqbJvegraBOPQ==",
			"bin": {
				"tsc": "bin/tsc",
				"tsserver": "bin/tsserver"
			},
			"engines": {
				"node": ">=4.2.0"
			}
		},
		"packages/tangram-node": {
			"version": "0.2.0",
			"license": "MIT",
			"dependencies": {
				"node-fetch": "2.6.1"
			},
			"devDependencies": {
				"@types/node": "14.14.6",
				"typescript": "4.0.5"
			}
		}
	},
	"dependencies": {
		"@tangramhq/tangram-node": {
			"version": "file:packages/tangram-node",
			"requires": {
				"@types/node": "14.14.6",
				"node-fetch": "2.6.1",
				"typescript": "4.0.5"
			}
		},
		"@tangramhq/tangram-node-example-advanced": {
			"version": "file:examples/advanced"
		},
		"@tangramhq/tangram-node-example-basic": {
			"version": "file:examples/basic"
		},
		"@tangramhq/tangram-node-example-typescript": {
			"version": "file:examples/typescript",
			"requires": {
				"@types/node": "14.14.6",
				"typescript": "4.0.5"
			}
		},
		"@types/node": {
			"version": "14.14.6",
			"resolved": "https://registry.npmjs.org/@types/node/-/node-14.14.6.tgz",
			"integrity": "sha512-6QlRuqsQ/Ox/aJEQWBEJG7A9+u7oSYl3mem/K8IzxXG/kAGbV1YPD9Bg9Zw3vyxC/YP+zONKwy8hGkSt1jxFMw=="
		},
		"node-fetch": {
			"version": "2.6.1",
			"resolved": "https://registry.npmjs.org/node-fetch/-/node-fetch-2.6.1.tgz",
			"integrity": "sha512-V4aYg89jEoVRxRb2fJdAg8FHvI7cEyYdVAh94HH0UIK8oJxUfkjlDQN9RbMx+bEjP7+ggMiFRprSti032Oipxw=="
		},
		"typescript": {
			"version": "4.0.5",
			"resolved": "https://registry.npmjs.org/typescript/-/typescript-4.0.5.tgz",
			"integrity": "sha512-ywmr/VrTVCmNTJ6iV2LwIrfG1P+lv6luD8sUJs+2eI9NLGigaN+nUQc13iHqisq7bra9lnmUSYqbJvegraBOPQ=="
		}
	}
}
