https://cdn.pika.dev/preact@10.4.6 b146aff6ad1f048c276b53b4fdc260af
https://cdn.pika.dev/preact-render-to-string@5.1.10 1bb7d4c40bc23fd31b4d7ac28842400a
https://cdn.pika.dev/preact@10.4.6/hooks 43285ec1b5a799e3acb0b9ab118ccd8c
https://cdn.pika.dev/-/preact@v10.4.6-etKc2VsISVGJJwoZwmum/dist=es2019/preact.js ac469ffa53c65ce5defbdfc5db69810b
https://cdn.pika.dev/-/preact-render-to-string@v5.1.10-ECT8uEs9LpCBpzA7yWVh/dist=es2019/preact-render-to-string.js 21a69ad5fa61e8324b48ca3cfe0e8d57
https://cdn.pika.dev/-/preact@v10.4.6-etKc2VsISVGJJwoZwmum/dist=es2019,mode=exports/hooks/dist/hooks.module.js a31b11430c8821a2b55ea910f8dfe066
