https://cdn.pika.dev/preact-render-to-string 699fc30ec971a8e181c1aa0b830202d1
https://cdn.pika.dev/preact 7a877b2474b0482133217dfbf199bab0
https://cdn.pika.dev/preact/hooks c3815083191e51219819dbd84693e647
https://cdn.pika.dev/-/preact-render-to-string@v5.1.9-75SH6rBxfN8yJjoZZsuy/dist=es2019/preact-render-to-string.js db134a5bf7a8c31967e60b6b5e691a6c
https://cdn.pika.dev/-/preact@v10.4.6-etKc2VsISVGJJwoZwmum/dist=es2019/preact.js ac469ffa53c65ce5defbdfc5db69810b
https://cdn.pika.dev/-/preact@v10.4.5-XVw3MMQZqyDGsmV2d6DU/dist=es2019,mode=exports/hooks/dist/hooks.module.js 89cec7e67b730726661d4826c752e4cd
https://cdn.pika.dev/-/preact@v10.4.5-XVw3MMQZqyDGsmV2d6DU/dist=es2019/preact.js ac469ffa53c65ce5defbdfc5db69810b
https://cdn.pika.dev/preact@10.4.6 b146aff6ad1f048c276b53b4fdc260af
https://cdn.pika.dev/preact@10.4.6/hooks 43285ec1b5a799e3acb0b9ab118ccd8c
https://cdn.pika.dev/preact-render-to-string@5.1.10 17a9021d6ed689a1be64aa1b42a5f18c
https://cdn.pika.dev/-/preact@v10.4.6-etKc2VsISVGJJwoZwmum/dist=es2019,mode=exports/hooks/dist/hooks.module.js a31b11430c8821a2b55ea910f8dfe066
https://cdn.pika.dev/-/preact-render-to-string@v5.1.10/dist=es2019/preact-render-to-string.js 21a69ad5fa61e8324b48ca3cfe0e8d57
